// !$*UTF8*$!
{
	archiveVersion = 1;
	classes = {
	};
	objectVersion = 50;
	objects = {

/* Begin PBXBuildFile section */
		32E42A9C2204A35F008B8D60 /* AppDelegate.swift in Sources */ = {isa = PBXBuildFile; fileRef = 32E42A9B2204A35F008B8D60 /* AppDelegate.swift */; };
		32E42A9E2204A35F008B8D60 /* CustomTabBarController.swift in Sources */ = {isa = PBXBuildFile; fileRef = 32E42A9D2204A35F008B8D60 /* CustomTabBarController.swift */; };
		32E42AA12204A35F008B8D60 /* Main.storyboard in Resources */ = {isa = PBXBuildFile; fileRef = 32E42A9F2204A35F008B8D60 /* Main.storyboard */; };
		32E42AA32204A361008B8D60 /* Assets.xcassets in Resources */ = {isa = PBXBuildFile; fileRef = 32E42AA22204A361008B8D60 /* Assets.xcassets */; };
		32E42AA62204A361008B8D60 /* LaunchScreen.storyboard in Resources */ = {isa = PBXBuildFile; fileRef = 32E42AA42204A361008B8D60 /* LaunchScreen.storyboard */; };
		32E42AAE2204A6D4008B8D60 /* CustomViewTappedVC.swift in Sources */ = {isa = PBXBuildFile; fileRef = 32E42AAD2204A6D4008B8D60 /* CustomViewTappedVC.swift */; };
		32E42AB02204A73A008B8D60 /* CustomView.swift in Sources */ = {isa = PBXBuildFile; fileRef = 32E42AAF2204A73A008B8D60 /* CustomView.swift */; };
		32E42AB22204A74E008B8D60 /* CustomView.xib in Resources */ = {isa = PBXBuildFile; fileRef = 32E42AB12204A74E008B8D60 /* CustomView.xib */; };
/* End PBXBuildFile section */

/* Begin PBXFileReference section */
		32E42A982204A35F008B8D60 /* Tap Custom View.app */ = {isa = PBXFileReference; explicitFileType = wrapper.application; includeInIndex = 0; path = "Tap Custom View.app"; sourceTree = BUILT_PRODUCTS_DIR; };
		32E42A9B2204A35F008B8D60 /* AppDelegate.swift */ = {isa = PBXFileReference; lastKnownFileType = sourcecode.swift; path = AppDelegate.swift; sourceTree = "<group>"; };
		32E42A9D2204A35F008B8D60 /* CustomTabBarController.swift */ = {isa = PBXFileReference; lastKnownFileType = sourcecode.swift; path = CustomTabBarController.swift; sourceTree = "<group>"; };
		32E42AA02204A35F008B8D60 /* Base */ = {isa = PBXFileReference; lastKnownFileType = file.storyboard; name = Base; path = Base.lproj/Main.storyboard; sourceTree = "<group>"; };
		32E42AA22204A361008B8D60 /* Assets.xcassets */ = {isa = PBXFileReference; lastKnownFileType = folder.assetcatalog; path = Assets.xcassets; sourceTree = "<group>"; };
		32E42AA52204A361008B8D60 /* Base */ = {isa = PBXFileReference; lastKnownFileType = file.storyboard; name = Base; path = Base.lproj/LaunchScreen.storyboard; sourceTree = "<group>"; };
		32E42AA72204A361008B8D60 /* Info.plist */ = {isa = PBXFileReference; lastKnownFileType = text.plist.xml; path = Info.plist; sourceTree = "<group>"; };
		32E42AAD2204A6D4008B8D60 /* CustomViewTappedVC.swift */ = {isa = PBXFileReference; lastKnownFileType = sourcecode.swift; path = CustomViewTappedVC.swift; sourceTree = "<group>"; };
		32E42AAF2204A73A008B8D60 /* CustomView.swift */ = {isa = PBXFileReference; lastKnownFileType = sourcecode.swift; path = CustomView.swift; sourceTree = "<group>"; };
		32E42AB12204A74E008B8D60 /* CustomView.xib */ = {isa = PBXFileReference; lastKnownFileType = file.xib; path = CustomView.xib; sourceTree = "<group>"; };
/* End PBXFileReference section */

/* Begin PBXFrameworksBuildPhase section */
		32E42A952204A35F008B8D60 /* Frameworks */ = {
			isa = PBXFrameworksBuildPhase;
			buildActionMask = 2147483647;
			files = (
			);
			runOnlyForDeploymentPostprocessing = 0;
		};
/* End PBXFrameworksBuildPhase section */

/* Begin PBXGroup section */
		32E42A8F2204A35F008B8D60 = {
			isa = PBXGroup;
			children = (
				32E42A9A2204A35F008B8D60 /* Tap Custom View */,
				32E42A992204A35F008B8D60 /* Products */,
			);
			sourceTree = "<group>";
		};
		32E42A992204A35F008B8D60 /* Products */ = {
			isa = PBXGroup;
			children = (
				32E42A982204A35F008B8D60 /* Tap Custom View.app */,
			);
			name = Products;
			sourceTree = "<group>";
		};
		32E42A9A2204A35F008B8D60 /* Tap Custom View */ = {
			isa = PBXGroup;
			children = (
				32E42A9B2204A35F008B8D60 /* AppDelegate.swift */,
				32E42A9D2204A35F008B8D60 /* CustomTabBarController.swift */,
				32E42A9F2204A35F008B8D60 /* Main.storyboard */,
				32E42AA22204A361008B8D60 /* Assets.xcassets */,
				32E42AA42204A361008B8D60 /* LaunchScreen.storyboard */,
				32E42AA72204A361008B8D60 /* Info.plist */,
				32E42AAD2204A6D4008B8D60 /* CustomViewTappedVC.swift */,
				32E42AAF2204A73A008B8D60 /* CustomView.swift */,
				32E42AB12204A74E008B8D60 /* CustomView.xib */,
			);
			path = "Tap Custom View";
			sourceTree = "<group>";
		};
/* End PBXGroup section */

/* Begin PBXNativeTarget section */
		32E42A972204A35F008B8D60 /* Tap Custom View */ = {
			isa = PBXNativeTarget;
			buildConfigurationList = 32E42AAA2204A361008B8D60 /* Build configuration list for PBXNativeTarget "Tap Custom View" */;
			buildPhases = (
				32E42A942204A35F008B8D60 /* Sources */,
				32E42A952204A35F008B8D60 /* Frameworks */,
				32E42A962204A35F008B8D60 /* Resources */,
			);
			buildRules = (
			);
			dependencies = (
			);
			name = "Tap Custom View";
			productName = "Tap Custom View";
			productReference = 32E42A982204A35F008B8D60 /* Tap Custom View.app */;
			productType = "com.apple.product-type.application";
		};
/* End PBXNativeTarget section */

/* Begin PBXProject section */
		32E42A902204A35F008B8D60 /* Project object */ = {
			isa = PBXProject;
			attributes = {
				LastSwiftUpdateCheck = 1010;
				LastUpgradeCheck = 1010;
				TargetAttributes = {
					32E42A972204A35F008B8D60 = {
						CreatedOnToolsVersion = 10.1;
					};
				};
			};
			buildConfigurationList = 32E42A932204A35F008B8D60 /* Build configuration list for PBXProject "Tap Custom View" */;
			compatibilityVersion = "Xcode 9.3";
			developmentRegion = en;
			hasScannedForEncodings = 0;
			knownRegions = (
				en,
				Base,
			);
			mainGroup = 32E42A8F2204A35F008B8D60;
			productRefGroup = 32E42A992204A35F008B8D60 /* Products */;
			projectDirPath = "";
			projectRoot = "";
			targets = (
				32E42A972204A35F008B8D60 /* Tap Custom View */,
			);
		};
/* End PBXProject section */

/* Begin PBXResourcesBuildPhase section */
		32E42A962204A35F008B8D60 /* Resources */ = {
			isa = PBXResourcesBuildPhase;
			buildActionMask = 2147483647;
			files = (
				32E42AA62204A361008B8D60 /* LaunchScreen.storyboard in Resources */,
				32E42AB22204A74E008B8D60 /* CustomView.xib in Resources */,
				32E42AA32204A361008B8D60 /* Assets.xcassets in Resources */,
				32E42AA12204A35F008B8D60 /* Main.storyboard in Resources */,
			);
			runOnlyForDeploymentPostprocessing = 0;
		};
/* End PBXResourcesBuildPhase section */

/* Begin PBXSourcesBuildPhase section */
		32E42A942204A35F008B8D60 /* Sources */ = {
			isa = PBXSourcesBuildPhase;
			buildActionMask = 2147483647;
			files = (
				32E42A9E2204A35F008B8D60 /* CustomTabBarController.swift in Sources */,
				32E42AB02204A73A008B8D60 /* CustomView.swift in Sources */,
				32E42A9C2204A35F008B8D60 /* AppDelegate.swift in Sources */,
				32E42AAE2204A6D4008B8D60 /* CustomViewTappedVC.swift in Sources */,
			);
			runOnlyForDeploymentPostprocessing = 0;
		};
/* End PBXSourcesBuildPhase section */

/* Begin PBXVariantGroup section */
		32E42A9F2204A35F008B8D60 /* Main.storyboard */ = {
			isa = PBXVariantGroup;
			children = (
				32E42AA02204A35F008B8D60 /* Base */,
			);
			name = Main.storyboard;
			sourceTree = "<group>";
		};
		32E42AA42204A361008B8D60 /* LaunchScreen.storyboard */ = {
			isa = PBXVariantGroup;
			children = (
				32E42AA52204A361008B8D60 /* Base */,
			);
			name = LaunchScreen.storyboard;
			sourceTree = "<group>";
		};
/* End PBXVariantGroup section */

/* Begin XCBuildConfiguration section */
		32E42AA82204A361008B8D60 /* Debug */ = {
			isa = XCBuildConfiguration;
			buildSettings = {
				ALWAYS_SEARCH_USER_PATHS = NO;
				CLANG_ANALYZER_NONNULL = YES;
				CLANG_ANALYZER_NUMBER_OBJECT_CONVERSION = YES_AGGRESSIVE;
				CLANG_CXX_LANGUAGE_STANDARD = "gnu++14";
				CLANG_CXX_LIBRARY = "libc++";
				CLANG_ENABLE_MODULES = YES;
				CLANG_ENABLE_OBJC_ARC = YES;
				CLANG_ENABLE_OBJC_WEAK = YES;
				CLANG_WARN_BLOCK_CAPTURE_AUTORELEASING = YES;
				CLANG_WARN_BOOL_CONVERSION = YES;
				CLANG_WARN_COMMA = YES;
				CLANG_WARN_CONSTANT_CONVERSION = YES;
				CLANG_WARN_DEPRECATED_OBJC_IMPLEMENTATIONS = YES;
				CLANG_WARN_DIRECT_OBJC_ISA_USAGE = YES_ERROR;
				CLANG_WARN_DOCUMENTATION_COMMENTS = YES;
				CLANG_WARN_EMPTY_BODY = YES;
				CLANG_WARN_ENUM_CONVERSION = YES;
				CLANG_WARN_INFINITE_RECURSION = YES;
				CLANG_WARN_INT_CONVERSION = YES;
				CLANG_WARN_NON_LITERAL_NULL_CONVERSION = YES;
				CLANG_WARN_OBJC_IMPLICIT_RETAIN_SELF = YES;
				CLANG_WARN_OBJC_LITERAL_CONVERSION = YES;
				CLANG_WARN_OBJC_ROOT_CLASS = YES_ERROR;
				CLANG_WARN_RANGE_LOOP_ANALYSIS = YES;
				CLANG_WARN_STRICT_PROTOTYPES = YES;
				CLANG_WARN_SUSPICIOUS_MOVE = YES;
				CLANG_WARN_UNGUARDED_AVAILABILITY = YES_AGGRESSIVE;
				CLANG_WARN_UNREACHABLE_CODE = YES;
				CLANG_WARN__DUPLICATE_METHOD_MATCH = YES;
				CODE_SIGN_IDENTITY = "iPhone Developer";
				COPY_PHASE_STRIP = NO;
				DEBUG_INFORMATION_FORMAT = dwarf;
				ENABLE_STRICT_OBJC_MSGSEND = YES;
				ENABLE_TESTABILITY = YES;
				GCC_C_LANGUAGE_STANDARD = gnu11;
				GCC_DYNAMIC_NO_PIC = NO;
				GCC_NO_COMMON_BLOCKS = YES;
				GCC_OPTIMIZATION_LEVEL = 0;
				GCC_PREPROCESSOR_DEFINITIONS = (
					"DEBUG=1",
					"$(inherited)",
				);
				GCC_WARN_64_TO_32_BIT_CONVERSION = YES;
				GCC_WARN_ABOUT_RETURN_TYPE = YES_ERROR;
				GCC_WARN_UNDECLARED_SELECTOR = YES;
				GCC_WARN_UNINITIALIZED_AUTOS = YES_AGGRESSIVE;
				GCC_WARN_UNUSED_FUNCTION = YES;
				GCC_WARN_UNUSED_VARIABLE = YES;
				IPHONEOS_DEPLOYMENT_TARGET = 12.1;
				MTL_ENABLE_DEBUG_INFO = INCLUDE_SOURCE;
				MTL_FAST_MATH = YES;
				ONLY_ACTIVE_ARCH = YES;
				SDKROOT = iphoneos;
				SWIFT_ACTIVE_COMPILATION_CONDITIONS = DEBUG;
				SWIFT_OPTIMIZATION_LEVEL = "-Onone";
			};
			name = Debug;
		};
		32E42AA92204A361008B8D60 /* Release */ = {
			isa = XCBuildConfiguration;
			buildSettings = {
				ALWAYS_SEARCH_USER_PATHS = NO;
				CLANG_ANALYZER_NONNULL = YES;
				CLANG_ANALYZER_NUMBER_OBJECT_CONVERSION = YES_AGGRESSIVE;
				CLANG_CXX_LANGUAGE_STANDARD = "gnu++14";
				CLANG_CXX_LIBRARY = "libc++";
				CLANG_ENABLE_MODULES = YES;
				CLANG_ENABLE_OBJC_ARC = YES;
				CLANG_ENABLE_OBJC_WEAK = YES;
				CLANG_WARN_BLOCK_CAPTURE_AUTORELEASING = YES;
				CLANG_WARN_BOOL_CONVERSION = YES;
				CLANG_WARN_COMMA = YES;
				CLANG_WARN_CONSTANT_CONVERSION = YES;
				CLANG_WARN_DEPRECATED_OBJC_IMPLEMENTATIONS = YES;
				CLANG_WARN_DIRECT_OBJC_ISA_USAGE = YES_ERROR;
				CLANG_WARN_DOCUMENTATION_COMMENTS = YES;
				CLANG_WARN_EMPTY_BODY = YES;
				CLANG_WARN_ENUM_CONVERSION = YES;
				CLANG_WARN_INFINITE_RECURSION = YES;
				CLANG_WARN_INT_CONVERSION = YES;
				CLANG_WARN_NON_LITERAL_NULL_CONVERSION = YES;
				CLANG_WARN_OBJC_IMPLICIT_RETAIN_SELF = YES;
				CLANG_WARN_OBJC_LITERAL_CONVERSION = YES;
				CLANG_WARN_OBJC_ROOT_CLASS = YES_ERROR;
				CLANG_WARN_RANGE_LOOP_ANALYSIS = YES;
				CLANG_WARN_STRICT_PROTOTYPES = YES;
				CLANG_WARN_SUSPICIOUS_MOVE = YES;
				CLANG_WARN_UNGUARDED_AVAILABILITY = YES_AGGRESSIVE;
				CLANG_WARN_UNREACHABLE_CODE = YES;
				CLANG_WARN__DUPLICATE_METHOD_MATCH = YES;
				CODE_SIGN_IDENTITY = "iPhone Developer";
				COPY_PHASE_STRIP = NO;
				DEBUG_INFORMATION_FORMAT = "dwarf-with-dsym";
				ENABLE_NS_ASSERTIONS = NO;
				ENABLE_STRICT_OBJC_MSGSEND = YES;
				GCC_C_LANGUAGE_STANDARD = gnu11;
				GCC_NO_COMMON_BLOCKS = YES;
				GCC_WARN_64_TO_32_BIT_CONVERSION = YES;
				GCC_WARN_ABOUT_RETURN_TYPE = YES_ERROR;
				GCC_WARN_UNDECLARED_SELECTOR = YES;
				GCC_WARN_UNINITIALIZED_AUTOS = YES_AGGRESSIVE;
				GCC_WARN_UNUSED_FUNCTION = YES;
				GCC_WARN_UNUSED_VARIABLE = YES;
				IPHONEOS_DEPLOYMENT_TARGET = 12.1;
				MTL_ENABLE_DEBUG_INFO = NO;
				MTL_FAST_MATH = YES;
				SDKROOT = iphoneos;
				SWIFT_COMPILATION_MODE = wholemodule;
				SWIFT_OPTIMIZATION_LEVEL = "-O";
				VALIDATE_PRODUCT = YES;
			};
			name = Release;
		};
		32E42AAB2204A361008B8D60 /* Debug */ = {
			isa = XCBuildConfiguration;
			buildSettings = {
				ASSETCATALOG_COMPILER_APPICON_NAME = AppIcon;
				CODE_SIGN_STYLE = Automatic;
				DEVELOPMENT_TEAM = GY2E7W6EQ4;
				INFOPLIST_FILE = "Tap Custom View/Info.plist";
				LD_RUNPATH_SEARCH_PATHS = (
					"$(inherited)",
					"@executable_path/Frameworks",
				);
				PRODUCT_BUNDLE_IDENTIFIER = "com.app.Tap-Custom-View";
				PRODUCT_NAME = "$(TARGET_NAME)";
				SWIFT_VERSION = 4.2;
				TARGETED_DEVICE_FAMILY = "1,2";
			};
			name = Debug;
		};
		32E42AAC2204A361008B8D60 /* Release */ = {
			isa = XCBuildConfiguration;
			buildSettings = {
				ASSETCATALOG_COMPILER_APPICON_NAME = AppIcon;
				CODE_SIGN_STYLE = Automatic;
				DEVELOPMENT_TEAM = GY2E7W6EQ4;
				INFOPLIST_FILE = "Tap Custom View/Info.plist";
				LD_RUNPATH_SEARCH_PATHS = (
					"$(inherited)",
					"@executable_path/Frameworks",
				);
				PRODUCT_BUNDLE_IDENTIFIER = "com.app.Tap-Custom-View";
				PRODUCT_NAME = "$(TARGET_NAME)";
				SWIFT_VERSION = 4.2;
				TARGETED_DEVICE_FAMILY = "1,2";
			};
			name = Release;
		};
/* End XCBuildConfiguration section */

/* Begin XCConfigurationList section */
		32E42A932204A35F008B8D60 /* Build configuration list for PBXProject "Tap Custom View" */ = {
			isa = XCConfigurationList;
			buildConfigurations = (
				32E42AA82204A361008B8D60 /* Debug */,
				32E42AA92204A361008B8D60 /* Release */,
			);
			defaultConfigurationIsVisible = 0;
			defaultConfigurationName = Release;
		};
		32E42AAA2204A361008B8D60 /* Build configuration list for PBXNativeTarget "Tap Custom View" */ = {
			isa = XCConfigurationList;
			buildConfigurations = (
				32E42AAB2204A361008B8D60 /* Debug */,
				32E42AAC2204A361008B8D60 /* Release */,
			);
			defaultConfigurationIsVisible = 0;
			defaultConfigurationName = Release;
		};
/* End XCConfigurationList section */
	};
	rootObject = 32E42A902204A35F008B8D60 /* Project object */;
}
